
Microsoft Visual Studio Solution File, Format Version 12.00
# Visual Studio 15
VisualStudioVersion = 15.0.28307.1738
MinimumVisualStudioVersion = 10.0.40219.1
Project("{8BC9CEB8-8B4A-11D0-8D11-00A0C91BC942}") = "3DSegmentation", "3DSegmentation.vcxproj", "{CAED6C9F-4100-4B29-9768-697C73ADCD2C}"
EndProject
Global
	GlobalSection(SolutionConfigurationPlatforms) = preSolution
		Debug|x64 = Debug|x64
		Debug|x86 = Debug|x86
		Release|x64 = Release|x64
		Release|x86 = Release|x86
	EndGlobalSection
	GlobalSection(ProjectConfigurationPlatforms) = postSolution
		{CAED6C9F-4100-4B29-9768-697C73ADCD2C}.Debug|x64.ActiveCfg = Debug|x64
		{CAED6C9F-4100-4B29-9768-697C73ADCD2C}.Debug|x64.Build.0 = Debug|x64
		{CAED6C9F-4100-4B29-9768-697C73ADCD2C}.Debug|x86.ActiveCfg = Debug|Win32
		{CAED6C9F-4100-4B29-9768-697C73ADCD2C}.Debug|x86.Build.0 = Debug|Win32
		{CAED6C9F-4100-4B29-9768-697C73ADCD2C}.Release|x64.ActiveCfg = Release|x64
		{CAED6C9F-4100-4B29-9768-697C73ADCD2C}.Release|x64.Build.0 = Release|x64
		{CAED6C9F-4100-4B29-9768-697C73ADCD2C}.Release|x86.ActiveCfg = Release|Win32
		{CAED6C9F-4100-4B29-9768-697C73ADCD2C}.Release|x86.Build.0 = Release|Win32
	EndGlobalSection
	GlobalSection(SolutionProperties) = preSolution
		HideSolutionNode = FALSE
	EndGlobalSection
	GlobalSection(ExtensibilityGlobals) = postSolution
		SolutionGuid = {FFC76E3F-02D7-4730-B6F6-66687DEE726E}
	EndGlobalSection
EndGlobal
